{
  "name": "egglang-monorepo",
  "lockfileVersion": 3,
  "requires": true,
  "packages": {
    "": {
      "name": "egglang-monorepo",
      "workspaces": [
        "core",
        "runner",
        "vscode-extension"
      ],
      "version": "0.0.1"
    },
    "node_modules/egglang-cli": {
      "resolved": "runner",
      "link": true
    },
    "runner": {
      "name": "egglang-cli",
      "version": "0.1.2",
      "license": "MIT",
      "bin": {
        "egg": "bin/egg.js"
      },
      "engines": {
        "node": ">=18"
      }
    }
  },
  "version": "0.0.1"
}
